
Microsoft Visual Studio Solution File, Format Version 12.00
# Visual Studio Version 16
VisualStudioVersion = 16.0.31112.23
MinimumVisualStudioVersion = 10.0.40219.1
Project("{FAE04EC0-301F-11D3-BF4B-00C04F79EFBC}") = "01.SingleInheritance", "01.SingleInheritance\01.SingleInheritance.csproj", "{7EF11EF8-9F4F-450D-81B2-2714B290EBF7}"
EndProject
Project("{FAE04EC0-301F-11D3-BF4B-00C04F79EFBC}") = "02.MultipleInheritance", "02.MultipleInheritance\02.MultipleInheritance.csproj", "{C78BAB06-59DF-47B4-B28F-727C9338CEF6}"
EndProject
Project("{FAE04EC0-301F-11D3-BF4B-00C04F79EFBC}") = "03.HierachalInheritance", "04.HierachalInheritance\03.HierachalInheritance.csproj", "{F1998103-7618-4189-91C9-6F46C0521CAA}"
EndProject
Project("{FAE04EC0-301F-11D3-BF4B-00C04F79EFBC}") = "04.RandomList", "04.RandomList\04.RandomList.csproj", "{C61B82D7-D77F-48E5-BD06-92EF234E9C40}"
EndProject
Project("{FAE04EC0-301F-11D3-BF4B-00C04F79EFBC}") = "05.StackOfStrings", "05.StackOfStrings\05.StackOfStrings.csproj", "{9B450A87-6330-4123-9AA6-DB5FDE995143}"
EndProject
Global
	GlobalSection(SolutionConfigurationPlatforms) = preSolution
		Debug|Any CPU = Debug|Any CPU
		Release|Any CPU = Release|Any CPU
	EndGlobalSection
	GlobalSection(ProjectConfigurationPlatforms) = postSolution
		{7EF11EF8-9F4F-450D-81B2-2714B290EBF7}.Debug|Any CPU.ActiveCfg = Debug|Any CPU
		{7EF11EF8-9F4F-450D-81B2-2714B290EBF7}.Debug|Any CPU.Build.0 = Debug|Any CPU
		{7EF11EF8-9F4F-450D-81B2-2714B290EBF7}.Release|Any CPU.ActiveCfg = Release|Any CPU
		{7EF11EF8-9F4F-450D-81B2-2714B290EBF7}.Release|Any CPU.Build.0 = Release|Any CPU
		{C78BAB06-59DF-47B4-B28F-727C9338CEF6}.Debug|Any CPU.ActiveCfg = Debug|Any CPU
		{C78BAB06-59DF-47B4-B28F-727C9338CEF6}.Debug|Any CPU.Build.0 = Debug|Any CPU
		{C78BAB06-59DF-47B4-B28F-727C9338CEF6}.Release|Any CPU.ActiveCfg = Release|Any CPU
		{C78BAB06-59DF-47B4-B28F-727C9338CEF6}.Release|Any CPU.Build.0 = Release|Any CPU
		{F1998103-7618-4189-91C9-6F46C0521CAA}.Debug|Any CPU.ActiveCfg = Debug|Any CPU
		{F1998103-7618-4189-91C9-6F46C0521CAA}.Debug|Any CPU.Build.0 = Debug|Any CPU
		{F1998103-7618-4189-91C9-6F46C0521CAA}.Release|Any CPU.ActiveCfg = Release|Any CPU
		{F1998103-7618-4189-91C9-6F46C0521CAA}.Release|Any CPU.Build.0 = Release|Any CPU
		{C61B82D7-D77F-48E5-BD06-92EF234E9C40}.Debug|Any CPU.ActiveCfg = Debug|Any CPU
		{C61B82D7-D77F-48E5-BD06-92EF234E9C40}.Debug|Any CPU.Build.0 = Debug|Any CPU
		{C61B82D7-D77F-48E5-BD06-92EF234E9C40}.Release|Any CPU.ActiveCfg = Release|Any CPU
		{C61B82D7-D77F-48E5-BD06-92EF234E9C40}.Release|Any CPU.Build.0 = Release|Any CPU
		{9B450A87-6330-4123-9AA6-DB5FDE995143}.Debug|Any CPU.ActiveCfg = Debug|Any CPU
		{9B450A87-6330-4123-9AA6-DB5FDE995143}.Debug|Any CPU.Build.0 = Debug|Any CPU
		{9B450A87-6330-4123-9AA6-DB5FDE995143}.Release|Any CPU.ActiveCfg = Release|Any CPU
		{9B450A87-6330-4123-9AA6-DB5FDE995143}.Release|Any CPU.Build.0 = Release|Any CPU
	EndGlobalSection
	GlobalSection(SolutionProperties) = preSolution
		HideSolutionNode = FALSE
	EndGlobalSection
	GlobalSection(ExtensibilityGlobals) = postSolution
		SolutionGuid = {393CE15B-8DBA-49CC-8F39-779F12BE4E43}
	EndGlobalSection
EndGlobal
